
Microsoft Visual Studio Solution File, Format Version 12.00
# Visual Studio Version 17
VisualStudioVersion = 17.5.002.0
MinimumVisualStudioVersion = 10.0.40219.1
Project("{2150E333-8FDC-42A3-9474-1A3956D46DE8}") = "csharp-prep", "csharp-prep", "{F0F7BAB4-77E7-499A-A9EE-15EF5EB8E21E}"
EndProject
Project("{9A19103F-16F7-4668-BE54-9A1E7A4F7556}") = "Prep1", "csharp-prep\Prep1\Prep1.csproj", "{AC16CBC8-264C-4C6D-8968-AD8F8E922A21}"
EndProject
Project("{9A19103F-16F7-4668-BE54-9A1E7A4F7556}") = "Prep2", "csharp-prep\Prep2\Prep2.csproj", "{7A6EA815-8BD5-47B6-9C39-641721E08072}"
EndProject
Project("{9A19103F-16F7-4668-BE54-9A1E7A4F7556}") = "Prep3", "csharp-prep\Prep3\Prep3.csproj", "{4E84187F-B97B-4E8A-8DC5-9CE565D5B46F}"
EndProject
Project("{9A19103F-16F7-4668-BE54-9A1E7A4F7556}") = "Prep4", "csharp-prep\Prep4\Prep4.csproj", "{6A47E0E9-496F-4D9E-BB2A-9055189E3E15}"
EndProject
Project("{9A19103F-16F7-4668-BE54-9A1E7A4F7556}") = "Prep5", "csharp-prep\Prep5\Prep5.csproj", "{267E0C08-0EFE-4FD9-BE21-9D68C0D2B647}"
EndProject
Project("{2150E333-8FDC-42A3-9474-1A3956D46DE8}") = "final", "final", "{F983891E-390E-4C3F-B341-A9396FED5EC1}"
EndProject
Project("{9A19103F-16F7-4668-BE54-9A1E7A4F7556}") = "FinalProject", "final\FinalProject\FinalProject.csproj", "{AE17C0A2-0A40-43D3-831D-1BF4DCF52F86}"
EndProject
Project("{9A19103F-16F7-4668-BE54-9A1E7A4F7556}") = "Foundation1", "final\Foundation1\Foundation1.csproj", "{F4C7332B-377A-41F4-B313-BCAA0BBBFE70}"
EndProject
Project("{9A19103F-16F7-4668-BE54-9A1E7A4F7556}") = "Foundation2", "final\Foundation2\Foundation2.csproj", "{8FC1D44F-B923-4630-97CC-7F8025B17308}"
EndProject
Project("{9A19103F-16F7-4668-BE54-9A1E7A4F7556}") = "Foundation3", "final\Foundation3\Foundation3.csproj", "{9102901C-84E4-42DD-B543-4E4C0714264E}"
EndProject
Project("{9A19103F-16F7-4668-BE54-9A1E7A4F7556}") = "Foundation4", "final\Foundation4\Foundation4.csproj", "{7AF57D6B-FB44-499C-B0ED-963855105F41}"
EndProject
Project("{2150E333-8FDC-42A3-9474-1A3956D46DE8}") = "prepare", "prepare", "{720D3A5B-1784-4D5B-A7C2-45FB77EE7E79}"
EndProject
Project("{9A19103F-16F7-4668-BE54-9A1E7A4F7556}") = "Learning02", "prepare\Learning02\Learning02.csproj", "{E4E5EFDD-9495-433A-BAA9-C00047131FF2}"
EndProject
Project("{9A19103F-16F7-4668-BE54-9A1E7A4F7556}") = "Learning03", "prepare\Learning03\Learning03.csproj", "{33A605EA-C594-4727-859E-ECA1A5EDAACC}"
EndProject
Project("{9A19103F-16F7-4668-BE54-9A1E7A4F7556}") = "Learning04", "prepare\Learning04\Learning04.csproj", "{105A32B0-4DF7-4A18-924B-8CD5E13C26BE}"
EndProject
Project("{9A19103F-16F7-4668-BE54-9A1E7A4F7556}") = "Learning05", "prepare\Learning05\Learning05.csproj", "{96F01C88-FAEB-4572-B2E1-2D283ACECB0A}"
EndProject
Project("{2150E333-8FDC-42A3-9474-1A3956D46DE8}") = "prove", "prove", "{3208E116-0885-4007-98BD-A7236738780F}"
EndProject
Project("{9A19103F-16F7-4668-BE54-9A1E7A4F7556}") = "Develop02", "prove\Develop02\Develop02.csproj", "{572A7484-F22A-4375-A75B-3BC9EC9C1D3C}"
EndProject
Project("{9A19103F-16F7-4668-BE54-9A1E7A4F7556}") = "Develop03", "prove\Develop03\Develop03.csproj", "{95D45535-37E8-4259-824A-126CFA6C3243}"
EndProject
Project("{9A19103F-16F7-4668-BE54-9A1E7A4F7556}") = "Develop04", "prove\Develop04\Develop04.csproj", "{D6951F0F-E858-4D0A-B8C4-AE29D3E04718}"
EndProject
Project("{9A19103F-16F7-4668-BE54-9A1E7A4F7556}") = "Develop05", "prove\Develop05\Develop05.csproj", "{E2D390A9-3D50-4EF1-BDF8-9581319C0194}"
EndProject
Project("{2150E333-8FDC-42A3-9474-1A3956D46DE8}") = "sandbox", "sandbox", "{7215ADAB-9E2F-47F1-8457-14483516E6BF}"
EndProject
Project("{9A19103F-16F7-4668-BE54-9A1E7A4F7556}") = "Sandbox", "sandbox\Sandbox\Sandbox.csproj", "{4F344510-0AD1-4506-BB76-262FD16C9126}"
EndProject
Global
	GlobalSection(SolutionConfigurationPlatforms) = preSolution
		Debug|Any CPU = Debug|Any CPU
		Release|Any CPU = Release|Any CPU
	EndGlobalSection
	GlobalSection(ProjectConfigurationPlatforms) = postSolution
		{AC16CBC8-264C-4C6D-8968-AD8F8E922A21}.Debug|Any CPU.ActiveCfg = Debug|Any CPU
		{AC16CBC8-264C-4C6D-8968-AD8F8E922A21}.Debug|Any CPU.Build.0 = Debug|Any CPU
		{AC16CBC8-264C-4C6D-8968-AD8F8E922A21}.Release|Any CPU.ActiveCfg = Release|Any CPU
		{AC16CBC8-264C-4C6D-8968-AD8F8E922A21}.Release|Any CPU.Build.0 = Release|Any CPU
		{7A6EA815-8BD5-47B6-9C39-641721E08072}.Debug|Any CPU.ActiveCfg = Debug|Any CPU
		{7A6EA815-8BD5-47B6-9C39-641721E08072}.Debug|Any CPU.Build.0 = Debug|Any CPU
		{7A6EA815-8BD5-47B6-9C39-641721E08072}.Release|Any CPU.ActiveCfg = Release|Any CPU
		{7A6EA815-8BD5-47B6-9C39-641721E08072}.Release|Any CPU.Build.0 = Release|Any CPU
		{4E84187F-B97B-4E8A-8DC5-9CE565D5B46F}.Debug|Any CPU.ActiveCfg = Debug|Any CPU
		{4E84187F-B97B-4E8A-8DC5-9CE565D5B46F}.Debug|Any CPU.Build.0 = Debug|Any CPU
		{4E84187F-B97B-4E8A-8DC5-9CE565D5B46F}.Release|Any CPU.ActiveCfg = Release|Any CPU
		{4E84187F-B97B-4E8A-8DC5-9CE565D5B46F}.Release|Any CPU.Build.0 = Release|Any CPU
		{6A47E0E9-496F-4D9E-BB2A-9055189E3E15}.Debug|Any CPU.ActiveCfg = Debug|Any CPU
		{6A47E0E9-496F-4D9E-BB2A-9055189E3E15}.Debug|Any CPU.Build.0 = Debug|Any CPU
		{6A47E0E9-496F-4D9E-BB2A-9055189E3E15}.Release|Any CPU.ActiveCfg = Release|Any CPU
		{6A47E0E9-496F-4D9E-BB2A-9055189E3E15}.Release|Any CPU.Build.0 = Release|Any CPU
		{267E0C08-0EFE-4FD9-BE21-9D68C0D2B647}.Debug|Any CPU.ActiveCfg = Debug|Any CPU
		{267E0C08-0EFE-4FD9-BE21-9D68C0D2B647}.Debug|Any CPU.Build.0 = Debug|Any CPU
		{267E0C08-0EFE-4FD9-BE21-9D68C0D2B647}.Release|Any CPU.ActiveCfg = Release|Any CPU
		{267E0C08-0EFE-4FD9-BE21-9D68C0D2B647}.Release|Any CPU.Build.0 = Release|Any CPU
		{AE17C0A2-0A40-43D3-831D-1BF4DCF52F86}.Debug|Any CPU.ActiveCfg = Debug|Any CPU
		{AE17C0A2-0A40-43D3-831D-1BF4DCF52F86}.Debug|Any CPU.Build.0 = Debug|Any CPU
		{AE17C0A2-0A40-43D3-831D-1BF4DCF52F86}.Release|Any CPU.ActiveCfg = Release|Any CPU
		{AE17C0A2-0A40-43D3-831D-1BF4DCF52F86}.Release|Any CPU.Build.0 = Release|Any CPU
		{F4C7332B-377A-41F4-B313-BCAA0BBBFE70}.Debug|Any CPU.ActiveCfg = Debug|Any CPU
		{F4C7332B-377A-41F4-B313-BCAA0BBBFE70}.Debug|Any CPU.Build.0 = Debug|Any CPU
		{F4C7332B-377A-41F4-B313-BCAA0BBBFE70}.Release|Any CPU.ActiveCfg = Release|Any CPU
		{F4C7332B-377A-41F4-B313-BCAA0BBBFE70}.Release|Any CPU.Build.0 = Release|Any CPU
		{8FC1D44F-B923-4630-97CC-7F8025B17308}.Debug|Any CPU.ActiveCfg = Debug|Any CPU
		{8FC1D44F-B923-4630-97CC-7F8025B17308}.Debug|Any CPU.Build.0 = Debug|Any CPU
		{8FC1D44F-B923-4630-97CC-7F8025B17308}.Release|Any CPU.ActiveCfg = Release|Any CPU
		{8FC1D44F-B923-4630-97CC-7F8025B17308}.Release|Any CPU.Build.0 = Release|Any CPU
		{9102901C-84E4-42DD-B543-4E4C0714264E}.Debug|Any CPU.ActiveCfg = Debug|Any CPU
		{9102901C-84E4-42DD-B543-4E4C0714264E}.Debug|Any CPU.Build.0 = Debug|Any CPU
		{9102901C-84E4-42DD-B543-4E4C0714264E}.Release|Any CPU.ActiveCfg = Release|Any CPU
		{9102901C-84E4-42DD-B543-4E4C0714264E}.Release|Any CPU.Build.0 = Release|Any CPU
		{7AF57D6B-FB44-499C-B0ED-963855105F41}.Debug|Any CPU.ActiveCfg = Debug|Any CPU
		{7AF57D6B-FB44-499C-B0ED-963855105F41}.Debug|Any CPU.Build.0 = Debug|Any CPU
		{7AF57D6B-FB44-499C-B0ED-963855105F41}.Release|Any CPU.ActiveCfg = Release|Any CPU
		{7AF57D6B-FB44-499C-B0ED-963855105F41}.Release|Any CPU.Build.0 = Release|Any CPU
		{E4E5EFDD-9495-433A-BAA9-C00047131FF2}.Debug|Any CPU.ActiveCfg = Debug|Any CPU
		{E4E5EFDD-9495-433A-BAA9-C00047131FF2}.Debug|Any CPU.Build.0 = Debug|Any CPU
		{E4E5EFDD-9495-433A-BAA9-C00047131FF2}.Release|Any CPU.ActiveCfg = Release|Any CPU
		{E4E5EFDD-9495-433A-BAA9-C00047131FF2}.Release|Any CPU.Build.0 = Release|Any CPU
		{33A605EA-C594-4727-859E-ECA1A5EDAACC}.Debug|Any CPU.ActiveCfg = Debug|Any CPU
		{33A605EA-C594-4727-859E-ECA1A5EDAACC}.Debug|Any CPU.Build.0 = Debug|Any CPU
		{33A605EA-C594-4727-859E-ECA1A5EDAACC}.Release|Any CPU.ActiveCfg = Release|Any CPU
		{33A605EA-C594-4727-859E-ECA1A5EDAACC}.Release|Any CPU.Build.0 = Release|Any CPU
		{105A32B0-4DF7-4A18-924B-8CD5E13C26BE}.Debug|Any CPU.ActiveCfg = Debug|Any CPU
		{105A32B0-4DF7-4A18-924B-8CD5E13C26BE}.Debug|Any CPU.Build.0 = Debug|Any CPU
		{105A32B0-4DF7-4A18-924B-8CD5E13C26BE}.Release|Any CPU.ActiveCfg = Release|Any CPU
		{105A32B0-4DF7-4A18-924B-8CD5E13C26BE}.Release|Any CPU.Build.0 = Release|Any CPU
		{96F01C88-FAEB-4572-B2E1-2D283ACECB0A}.Debug|Any CPU.ActiveCfg = Debug|Any CPU
		{96F01C88-FAEB-4572-B2E1-2D283ACECB0A}.Debug|Any CPU.Build.0 = Debug|Any CPU
		{96F01C88-FAEB-4572-B2E1-2D283ACECB0A}.Release|Any CPU.ActiveCfg = Release|Any CPU
		{96F01C88-FAEB-4572-B2E1-2D283ACECB0A}.Release|Any CPU.Build.0 = Release|Any CPU
		{572A7484-F22A-4375-A75B-3BC9EC9C1D3C}.Debug|Any CPU.ActiveCfg = Debug|Any CPU
		{572A7484-F22A-4375-A75B-3BC9EC9C1D3C}.Debug|Any CPU.Build.0 = Debug|Any CPU
		{572A7484-F22A-4375-A75B-3BC9EC9C1D3C}.Release|Any CPU.ActiveCfg = Release|Any CPU
		{572A7484-F22A-4375-A75B-3BC9EC9C1D3C}.Release|Any CPU.Build.0 = Release|Any CPU
		{95D45535-37E8-4259-824A-126CFA6C3243}.Debug|Any CPU.ActiveCfg = Debug|Any CPU
		{95D45535-37E8-4259-824A-126CFA6C3243}.Debug|Any CPU.Build.0 = Debug|Any CPU
		{95D45535-37E8-4259-824A-126CFA6C3243}.Release|Any CPU.ActiveCfg = Release|Any CPU
		{95D45535-37E8-4259-824A-126CFA6C3243}.Release|Any CPU.Build.0 = Release|Any CPU
		{D6951F0F-E858-4D0A-B8C4-AE29D3E04718}.Debug|Any CPU.ActiveCfg = Debug|Any CPU
		{D6951F0F-E858-4D0A-B8C4-AE29D3E04718}.Debug|Any CPU.Build.0 = Debug|Any CPU
		{D6951F0F-E858-4D0A-B8C4-AE29D3E04718}.Release|Any CPU.ActiveCfg = Release|Any CPU
		{D6951F0F-E858-4D0A-B8C4-AE29D3E04718}.Release|Any CPU.Build.0 = Release|Any CPU
		{E2D390A9-3D50-4EF1-BDF8-9581319C0194}.Debug|Any CPU.ActiveCfg = Debug|Any CPU
		{E2D390A9-3D50-4EF1-BDF8-9581319C0194}.Debug|Any CPU.Build.0 = Debug|Any CPU
		{E2D390A9-3D50-4EF1-BDF8-9581319C0194}.Release|Any CPU.ActiveCfg = Release|Any CPU
		{E2D390A9-3D50-4EF1-BDF8-9581319C0194}.Release|Any CPU.Build.0 = Release|Any CPU
		{4F344510-0AD1-4506-BB76-262FD16C9126}.Debug|Any CPU.ActiveCfg = Debug|Any CPU
		{4F344510-0AD1-4506-BB76-262FD16C9126}.Debug|Any CPU.Build.0 = Debug|Any CPU
		{4F344510-0AD1-4506-BB76-262FD16C9126}.Release|Any CPU.ActiveCfg = Release|Any CPU
		{4F344510-0AD1-4506-BB76-262FD16C9126}.Release|Any CPU.Build.0 = Release|Any CPU
	EndGlobalSection
	GlobalSection(SolutionProperties) = preSolution
		HideSolutionNode = FALSE
	EndGlobalSection
	GlobalSection(NestedProjects) = preSolution
		{AC16CBC8-264C-4C6D-8968-AD8F8E922A21} = {F0F7BAB4-77E7-499A-A9EE-15EF5EB8E21E}
		{7A6EA815-8BD5-47B6-9C39-641721E08072} = {F0F7BAB4-77E7-499A-A9EE-15EF5EB8E21E}
		{4E84187F-B97B-4E8A-8DC5-9CE565D5B46F} = {F0F7BAB4-77E7-499A-A9EE-15EF5EB8E21E}
		{6A47E0E9-496F-4D9E-BB2A-9055189E3E15} = {F0F7BAB4-77E7-499A-A9EE-15EF5EB8E21E}
		{267E0C08-0EFE-4FD9-BE21-9D68C0D2B647} = {F0F7BAB4-77E7-499A-A9EE-15EF5EB8E21E}
		{AE17C0A2-0A40-43D3-831D-1BF4DCF52F86} = {F983891E-390E-4C3F-B341-A9396FED5EC1}
		{F4C7332B-377A-41F4-B313-BCAA0BBBFE70} = {F983891E-390E-4C3F-B341-A9396FED5EC1}
		{8FC1D44F-B923-4630-97CC-7F8025B17308} = {F983891E-390E-4C3F-B341-A9396FED5EC1}
		{9102901C-84E4-42DD-B543-4E4C0714264E} = {F983891E-390E-4C3F-B341-A9396FED5EC1}
		{7AF57D6B-FB44-499C-B0ED-963855105F41} = {F983891E-390E-4C3F-B341-A9396FED5EC1}
		{E4E5EFDD-9495-433A-BAA9-C00047131FF2} = {720D3A5B-1784-4D5B-A7C2-45FB77EE7E79}
		{33A605EA-C594-4727-859E-ECA1A5EDAACC} = {720D3A5B-1784-4D5B-A7C2-45FB77EE7E79}
		{105A32B0-4DF7-4A18-924B-8CD5E13C26BE} = {720D3A5B-1784-4D5B-A7C2-45FB77EE7E79}
		{96F01C88-FAEB-4572-B2E1-2D283ACECB0A} = {720D3A5B-1784-4D5B-A7C2-45FB77EE7E79}
		{572A7484-F22A-4375-A75B-3BC9EC9C1D3C} = {3208E116-0885-4007-98BD-A7236738780F}
		{95D45535-37E8-4259-824A-126CFA6C3243} = {3208E116-0885-4007-98BD-A7236738780F}
		{D6951F0F-E858-4D0A-B8C4-AE29D3E04718} = {3208E116-0885-4007-98BD-A7236738780F}
		{E2D390A9-3D50-4EF1-BDF8-9581319C0194} = {3208E116-0885-4007-98BD-A7236738780F}
		{4F344510-0AD1-4506-BB76-262FD16C9126} = {7215ADAB-9E2F-47F1-8457-14483516E6BF}
	EndGlobalSection
	GlobalSection(ExtensibilityGlobals) = postSolution
		SolutionGuid = {D36AB114-4CE1-4C77-BAB5-25BF5B6DD615}
	EndGlobalSection
EndGlobal
